
Microsoft Visual Studio Solution File, Format Version 12.00
# Visual Studio Version 16
VisualStudioVersion = 16.0.31402.337
MinimumVisualStudioVersion = 10.0.40219.1
Project("{9A19103F-16F7-4668-BE54-9A1E7A4F7556}") = "PhylogeneticTreeApi", "PhylogeneticTreeApi.csproj", "{E9B3C396-91D8-46AF-94AC-191A22F8629B}"
EndProject
Project("{9A19103F-16F7-4668-BE54-9A1E7A4F7556}") = "PhylogeneticTreeApi.Entity", "..\PhylogeneticTreeApi.Entity\PhylogeneticTreeApi.Entity.csproj", "{AB387E6E-3C20-4333-9130-9F32007FAE96}"
EndProject
Project("{FAE04EC0-301F-11D3-BF4B-00C04F79EFBC}") = "PhylogeneticTreeApi.DataAccess", "..\PhylogeneticTreeApi.DataAccess\PhylogeneticTreeApi.DataAccess.csproj", "{AA0CF17B-7AE9-4E37-8603-91669CC3C8B8}"
EndProject
Global
	GlobalSection(SolutionConfigurationPlatforms) = preSolution
		Debug|Any CPU = Debug|Any CPU
		Release|Any CPU = Release|Any CPU
	EndGlobalSection
	GlobalSection(ProjectConfigurationPlatforms) = postSolution
		{E9B3C396-91D8-46AF-94AC-191A22F8629B}.Debug|Any CPU.ActiveCfg = Debug|Any CPU
		{E9B3C396-91D8-46AF-94AC-191A22F8629B}.Debug|Any CPU.Build.0 = Debug|Any CPU
		{E9B3C396-91D8-46AF-94AC-191A22F8629B}.Release|Any CPU.ActiveCfg = Release|Any CPU
		{E9B3C396-91D8-46AF-94AC-191A22F8629B}.Release|Any CPU.Build.0 = Release|Any CPU
		{AB387E6E-3C20-4333-9130-9F32007FAE96}.Debug|Any CPU.ActiveCfg = Debug|Any CPU
		{AB387E6E-3C20-4333-9130-9F32007FAE96}.Debug|Any CPU.Build.0 = Debug|Any CPU
		{AB387E6E-3C20-4333-9130-9F32007FAE96}.Release|Any CPU.ActiveCfg = Release|Any CPU
		{AB387E6E-3C20-4333-9130-9F32007FAE96}.Release|Any CPU.Build.0 = Release|Any CPU
		{AA0CF17B-7AE9-4E37-8603-91669CC3C8B8}.Debug|Any CPU.ActiveCfg = Debug|Any CPU
		{AA0CF17B-7AE9-4E37-8603-91669CC3C8B8}.Debug|Any CPU.Build.0 = Debug|Any CPU
		{AA0CF17B-7AE9-4E37-8603-91669CC3C8B8}.Release|Any CPU.ActiveCfg = Release|Any CPU
		{AA0CF17B-7AE9-4E37-8603-91669CC3C8B8}.Release|Any CPU.Build.0 = Release|Any CPU
	EndGlobalSection
	GlobalSection(SolutionProperties) = preSolution
		HideSolutionNode = FALSE
	EndGlobalSection
	GlobalSection(ExtensibilityGlobals) = postSolution
		SolutionGuid = {3A6E188E-DA3B-4185-A47D-12C6CD5306D3}
	EndGlobalSection
EndGlobal
